
Microsoft Visual Studio Solution File, Format Version 12.00
# Visual Studio 15
VisualStudioVersion = 15.0.26730.15
MinimumVisualStudioVersion = 10.0.40219.1
Project("{FAE04EC0-301F-11D3-BF4B-00C04F79EFBC}") = "Head_First_405_LumberJack_Que", "Head_First_405_LumberJack_Que\Head_First_405_LumberJack_Que.csproj", "{05ED377C-F4BF-443D-A64C-CB963DCB21C0}"
EndProject
Global
	GlobalSection(SolutionConfigurationPlatforms) = preSolution
		Debug|Any CPU = Debug|Any CPU
		Release|Any CPU = Release|Any CPU
	EndGlobalSection
	GlobalSection(ProjectConfigurationPlatforms) = postSolution
		{05ED377C-F4BF-443D-A64C-CB963DCB21C0}.Debug|Any CPU.ActiveCfg = Debug|Any CPU
		{05ED377C-F4BF-443D-A64C-CB963DCB21C0}.Debug|Any CPU.Build.0 = Debug|Any CPU
		{05ED377C-F4BF-443D-A64C-CB963DCB21C0}.Release|Any CPU.ActiveCfg = Release|Any CPU
		{05ED377C-F4BF-443D-A64C-CB963DCB21C0}.Release|Any CPU.Build.0 = Release|Any CPU
	EndGlobalSection
	GlobalSection(SolutionProperties) = preSolution
		HideSolutionNode = FALSE
	EndGlobalSection
	GlobalSection(ExtensibilityGlobals) = postSolution
		SolutionGuid = {C3CA2215-2409-4799-B224-BAFDD88B0AEB}
	EndGlobalSection
EndGlobal
